// !$*UTF8*$!
{
	archiveVersion = 1;
	classes = {
	};
	objectVersion = 56;
	objects = {

/* Begin PBXBuildFile section */
		001000000001 /* OrionApp.swift in Sources */ = {isa = PBXBuildFile; fileRef = 002000000001 /* OrionApp.swift */; };
		001000000002 /* ContentView.swift in Sources */ = {isa = PBXBuildFile; fileRef = 002000000002 /* ContentView.swift */; };
		001000000003 /* OrionTheme.swift in Sources */ = {isa = PBXBuildFile; fileRef = 002000000003 /* OrionTheme.swift */; };
		001000000004 /* AuthService.swift in Sources */ = {isa = PBXBuildFile; fileRef = 002000000004 /* AuthService.swift */; };
		001000000005 /* MailBridge.swift in Sources */ = {isa = PBXBuildFile; fileRef = 002000000005 /* MailBridge.swift */; };
		001000000006 /* SidebarView.swift in Sources */ = {isa = PBXBuildFile; fileRef = 002000000006 /* SidebarView.swift */; };
		001000000007 /* ThreadListView.swift in Sources */ = {isa = PBXBuildFile; fileRef = 002000000007 /* ThreadListView.swift */; };
		001000000008 /* ThreadDetailView.swift in Sources */ = {isa = PBXBuildFile; fileRef = 002000000008 /* ThreadDetailView.swift */; };
		001000000009 /* SearchBox.swift in Sources */ = {isa = PBXBuildFile; fileRef = 002000000009 /* SearchBox.swift */; };
		001000000010 /* ShortcutsHelpView.swift in Sources */ = {isa = PBXBuildFile; fileRef = 002000000010 /* ShortcutsHelpView.swift */; };
		001000000011 /* SearchResultsView.swift in Sources */ = {isa = PBXBuildFile; fileRef = 002000000011 /* SearchResultsView.swift */; };
		001000000012 /* mail.swift in Sources */ = {isa = PBXBuildFile; fileRef = 002000000012 /* mail.swift */; };
		001000000013 /* MessageWebView.swift in Sources */ = {isa = PBXBuildFile; fileRef = 002000000013 /* MessageWebView.swift */; };
		001000000014 /* OrionLogger.swift in Sources */ = {isa = PBXBuildFile; fileRef = 002000000014 /* OrionLogger.swift */; };
		001000000015 /* RustLogger.swift in Sources */ = {isa = PBXBuildFile; fileRef = 002000000015 /* RustLogger.swift */; };
		001000000020 /* MailFFI.xcframework in Frameworks */ = {isa = PBXBuildFile; fileRef = 002000000020 /* MailFFI.xcframework */; };
/* End PBXBuildFile section */

/* Begin PBXFileReference section */
		002000000001 /* OrionApp.swift */ = {isa = PBXFileReference; lastKnownFileType = sourcecode.swift; path = OrionApp.swift; sourceTree = "<group>"; };
		002000000002 /* ContentView.swift */ = {isa = PBXFileReference; lastKnownFileType = sourcecode.swift; path = ContentView.swift; sourceTree = "<group>"; };
		002000000003 /* OrionTheme.swift */ = {isa = PBXFileReference; lastKnownFileType = sourcecode.swift; path = OrionTheme.swift; sourceTree = "<group>"; };
		002000000004 /* AuthService.swift */ = {isa = PBXFileReference; lastKnownFileType = sourcecode.swift; path = AuthService.swift; sourceTree = "<group>"; };
		002000000005 /* MailBridge.swift */ = {isa = PBXFileReference; lastKnownFileType = sourcecode.swift; path = MailBridge.swift; sourceTree = "<group>"; };
		002000000006 /* SidebarView.swift */ = {isa = PBXFileReference; lastKnownFileType = sourcecode.swift; path = SidebarView.swift; sourceTree = "<group>"; };
		002000000007 /* ThreadListView.swift */ = {isa = PBXFileReference; lastKnownFileType = sourcecode.swift; path = ThreadListView.swift; sourceTree = "<group>"; };
		002000000008 /* ThreadDetailView.swift */ = {isa = PBXFileReference; lastKnownFileType = sourcecode.swift; path = ThreadDetailView.swift; sourceTree = "<group>"; };
		002000000009 /* SearchBox.swift */ = {isa = PBXFileReference; lastKnownFileType = sourcecode.swift; path = SearchBox.swift; sourceTree = "<group>"; };
		002000000010 /* ShortcutsHelpView.swift */ = {isa = PBXFileReference; lastKnownFileType = sourcecode.swift; path = ShortcutsHelpView.swift; sourceTree = "<group>"; };
		002000000011 /* SearchResultsView.swift */ = {isa = PBXFileReference; lastKnownFileType = sourcecode.swift; path = SearchResultsView.swift; sourceTree = "<group>"; };
		002000000012 /* mail.swift */ = {isa = PBXFileReference; lastKnownFileType = sourcecode.swift; path = mail.swift; sourceTree = "<group>"; };
		002000000013 /* MessageWebView.swift */ = {isa = PBXFileReference; lastKnownFileType = sourcecode.swift; path = MessageWebView.swift; sourceTree = "<group>"; };
		002000000014 /* OrionLogger.swift */ = {isa = PBXFileReference; lastKnownFileType = sourcecode.swift; path = OrionLogger.swift; sourceTree = "<group>"; };
		002000000015 /* RustLogger.swift */ = {isa = PBXFileReference; lastKnownFileType = sourcecode.swift; path = RustLogger.swift; sourceTree = "<group>"; };
		002000000020 /* MailFFI.xcframework */ = {isa = PBXFileReference; lastKnownFileType = wrapper.xcframework; path = MailFFI.xcframework; sourceTree = "<group>"; };
		002000000030 /* Info.plist */ = {isa = PBXFileReference; lastKnownFileType = text.plist.xml; path = Info.plist; sourceTree = "<group>"; };
		002000000031 /* Orion.entitlements */ = {isa = PBXFileReference; lastKnownFileType = text.plist.entitlements; path = Orion.entitlements; sourceTree = "<group>"; };
		002000000040 /* Debug.xcconfig */ = {isa = PBXFileReference; lastKnownFileType = text.xcconfig; path = Debug.xcconfig; sourceTree = "<group>"; };
		002000000041 /* Release.xcconfig */ = {isa = PBXFileReference; lastKnownFileType = text.xcconfig; path = Release.xcconfig; sourceTree = "<group>"; };
		002000000042 /* Secrets.xcconfig */ = {isa = PBXFileReference; lastKnownFileType = text.xcconfig; path = Secrets.xcconfig; sourceTree = "<group>"; };
		004000000001 /* Orion.app */ = {isa = PBXFileReference; explicitFileType = wrapper.application; includeInIndex = 0; path = Orion.app; sourceTree = BUILT_PRODUCTS_DIR; };
/* End PBXFileReference section */

/* Begin PBXFrameworksBuildPhase section */
		005000000001 /* Frameworks */ = {
			isa = PBXFrameworksBuildPhase;
			buildActionMask = 2147483647;
			files = (
				001000000020 /* MailFFI.xcframework in Frameworks */,
			);
			runOnlyForDeploymentPostprocessing = 0;
		};
/* End PBXFrameworksBuildPhase section */

/* Begin PBXGroup section */
		006000000001 = {
			isa = PBXGroup;
			children = (
				006000000002 /* Sources */,
				006000000010 /* Resources */,
				006000000011 /* Config */,
				002000000020 /* MailFFI.xcframework */,
				006000000099 /* Products */,
			);
			sourceTree = "<group>";
		};
		006000000011 /* Config */ = {
			isa = PBXGroup;
			children = (
				002000000040 /* Debug.xcconfig */,
				002000000041 /* Release.xcconfig */,
				002000000042 /* Secrets.xcconfig */,
			);
			path = Config;
			sourceTree = "<group>";
		};
		006000000002 /* Sources */ = {
			isa = PBXGroup;
			children = (
				006000000003 /* App */,
				006000000004 /* Views */,
				006000000005 /* Components */,
				006000000006 /* Services */,
				006000000007 /* Theme */,
				006000000008 /* Generated */,
			);
			path = Sources;
			sourceTree = "<group>";
		};
		006000000003 /* App */ = {
			isa = PBXGroup;
			children = (
				002000000001 /* OrionApp.swift */,
				002000000002 /* ContentView.swift */,
			);
			path = App;
			sourceTree = "<group>";
		};
		006000000004 /* Views */ = {
			isa = PBXGroup;
			children = (
				002000000006 /* SidebarView.swift */,
				002000000007 /* ThreadListView.swift */,
				002000000008 /* ThreadDetailView.swift */,
				002000000011 /* SearchResultsView.swift */,
			);
			path = Views;
			sourceTree = "<group>";
		};
		006000000005 /* Components */ = {
			isa = PBXGroup;
			children = (
				002000000013 /* MessageWebView.swift */,
				002000000009 /* SearchBox.swift */,
				002000000010 /* ShortcutsHelpView.swift */,
			);
			path = Components;
			sourceTree = "<group>";
		};
		006000000006 /* Services */ = {
			isa = PBXGroup;
			children = (
				002000000004 /* AuthService.swift */,
				002000000005 /* MailBridge.swift */,
				002000000014 /* OrionLogger.swift */,
				002000000015 /* RustLogger.swift */,
			);
			path = Services;
			sourceTree = "<group>";
		};
		006000000007 /* Theme */ = {
			isa = PBXGroup;
			children = (
				002000000003 /* OrionTheme.swift */,
			);
			path = Theme;
			sourceTree = "<group>";
		};
		006000000008 /* Generated */ = {
			isa = PBXGroup;
			children = (
				002000000012 /* mail.swift */,
			);
			path = Generated;
			sourceTree = "<group>";
		};
		006000000010 /* Resources */ = {
			isa = PBXGroup;
			children = (
				002000000030 /* Info.plist */,
				002000000031 /* Orion.entitlements */,
			);
			path = Resources;
			sourceTree = "<group>";
		};
		006000000099 /* Products */ = {
			isa = PBXGroup;
			children = (
				004000000001 /* Orion.app */,
			);
			name = Products;
			sourceTree = "<group>";
		};
/* End PBXGroup section */

/* Begin PBXNativeTarget section */
		007000000001 /* Orion */ = {
			isa = PBXNativeTarget;
			buildConfigurationList = 008000000001 /* Build configuration list for PBXNativeTarget "Orion" */;
			buildPhases = (
				007000000010 /* Sources */,
				005000000001 /* Frameworks */,
				007000000020 /* Resources */,
			);
			buildRules = (
			);
			dependencies = (
			);
			name = Orion;
			productName = Orion;
			productReference = 004000000001 /* Orion.app */;
			productType = "com.apple.product-type.application";
		};
/* End PBXNativeTarget section */

/* Begin PBXProject section */
		009000000001 /* Project object */ = {
			isa = PBXProject;
			attributes = {
				BuildIndependentTargetsInParallel = 1;
				LastSwiftUpdateCheck = 1540;
				LastUpgradeCheck = 1540;
				TargetAttributes = {
					007000000001 = {
						CreatedOnToolsVersion = 15.4;
					};
				};
			};
			buildConfigurationList = 008000000002 /* Build configuration list for PBXProject "Orion" */;
			compatibilityVersion = "Xcode 14.0";
			developmentRegion = en;
			hasScannedForEncodings = 0;
			knownRegions = (
				en,
				Base,
			);
			mainGroup = 006000000001;
			productRefGroup = 006000000099 /* Products */;
			projectDirPath = "";
			projectRoot = "";
			targets = (
				007000000001 /* Orion */,
			);
		};
/* End PBXProject section */

/* Begin PBXResourcesBuildPhase section */
		007000000020 /* Resources */ = {
			isa = PBXResourcesBuildPhase;
			buildActionMask = 2147483647;
			files = (
			);
			runOnlyForDeploymentPostprocessing = 0;
		};
/* End PBXResourcesBuildPhase section */

/* Begin PBXSourcesBuildPhase section */
		007000000010 /* Sources */ = {
			isa = PBXSourcesBuildPhase;
			buildActionMask = 2147483647;
			files = (
				001000000001 /* OrionApp.swift in Sources */,
				001000000002 /* ContentView.swift in Sources */,
				001000000003 /* OrionTheme.swift in Sources */,
				001000000004 /* AuthService.swift in Sources */,
				001000000005 /* MailBridge.swift in Sources */,
				001000000006 /* SidebarView.swift in Sources */,
				001000000007 /* ThreadListView.swift in Sources */,
				001000000008 /* ThreadDetailView.swift in Sources */,
				001000000009 /* SearchBox.swift in Sources */,
				001000000010 /* ShortcutsHelpView.swift in Sources */,
				001000000011 /* SearchResultsView.swift in Sources */,
				001000000012 /* mail.swift in Sources */,
				001000000013 /* MessageWebView.swift in Sources */,
				001000000014 /* OrionLogger.swift in Sources */,
				001000000015 /* RustLogger.swift in Sources */,
			);
			runOnlyForDeploymentPostprocessing = 0;
		};
/* End PBXSourcesBuildPhase section */

/* Begin XCBuildConfiguration section */
		00A000000001 /* Debug */ = {
			isa = XCBuildConfiguration;
			baseConfigurationReference = 002000000040 /* Debug.xcconfig */;
			buildSettings = {
				ASSETCATALOG_COMPILER_APPICON_NAME = AppIcon;
				ASSETCATALOG_COMPILER_GLOBAL_ACCENT_COLOR_NAME = AccentColor;
				CODE_SIGN_ENTITLEMENTS = "";
				CODE_SIGN_IDENTITY = "Apple Development";
				CODE_SIGN_STYLE = Automatic;
				CURRENT_PROJECT_VERSION = 1;
				DEAD_CODE_STRIPPING = YES;
				DEVELOPMENT_TEAM = F7WD6L6KK7;
				ENABLE_HARDENED_RUNTIME = NO;
				ENABLE_PREVIEWS = YES;
				FRAMEWORK_SEARCH_PATHS = "$(inherited)";
				GENERATE_INFOPLIST_FILE = YES;
				INFOPLIST_FILE = Resources/Info.plist;
				INFOPLIST_KEY_LSApplicationCategoryType = "public.app-category.productivity";
				INFOPLIST_KEY_NSHumanReadableCopyright = "";
				INFOPLIST_KEY_UILaunchScreen_Generation = YES;
				INFOPLIST_KEY_UISupportedInterfaceOrientations_iPad = "UIInterfaceOrientationPortrait UIInterfaceOrientationPortraitUpsideDown UIInterfaceOrientationLandscapeLeft UIInterfaceOrientationLandscapeRight";
				INFOPLIST_KEY_UISupportedInterfaceOrientations_iPhone = "UIInterfaceOrientationPortrait UIInterfaceOrientationLandscapeLeft UIInterfaceOrientationLandscapeRight";
				IPHONEOS_DEPLOYMENT_TARGET = 26.0;
				LD_RUNPATH_SEARCH_PATHS = (
					"$(inherited)",
					"@executable_path/Frameworks",
					"@executable_path/../Frameworks",
				);
				MACOSX_DEPLOYMENT_TARGET = 26.0;
				MARKETING_VERSION = 1.0;
				PRODUCT_BUNDLE_IDENTIFIER = com.orion.mail;
				PRODUCT_NAME = "$(TARGET_NAME)";
				PROVISIONING_PROFILE_SPECIFIER = "";
				SDKROOT = auto;
				SUPPORTED_PLATFORMS = "iphoneos iphonesimulator macosx";
				SUPPORTS_MACCATALYST = NO;
				SWIFT_EMIT_LOC_STRINGS = YES;
				SWIFT_VERSION = 5.0;
				TARGETED_DEVICE_FAMILY = "1,2";
			};
			name = Debug;
		};
		00A000000002 /* Release */ = {
			isa = XCBuildConfiguration;
			baseConfigurationReference = 002000000041 /* Release.xcconfig */;
			buildSettings = {
				ASSETCATALOG_COMPILER_APPICON_NAME = AppIcon;
				ASSETCATALOG_COMPILER_GLOBAL_ACCENT_COLOR_NAME = AccentColor;
				CODE_SIGN_ENTITLEMENTS = "";
				CODE_SIGN_IDENTITY = "Apple Development";
				CODE_SIGN_STYLE = Automatic;
				CURRENT_PROJECT_VERSION = 1;
				DEAD_CODE_STRIPPING = YES;
				DEVELOPMENT_TEAM = F7WD6L6KK7;
				ENABLE_HARDENED_RUNTIME = NO;
				ENABLE_PREVIEWS = YES;
				FRAMEWORK_SEARCH_PATHS = "$(inherited)";
				GENERATE_INFOPLIST_FILE = YES;
				INFOPLIST_FILE = Resources/Info.plist;
				INFOPLIST_KEY_LSApplicationCategoryType = "public.app-category.productivity";
				INFOPLIST_KEY_NSHumanReadableCopyright = "";
				INFOPLIST_KEY_UILaunchScreen_Generation = YES;
				INFOPLIST_KEY_UISupportedInterfaceOrientations_iPad = "UIInterfaceOrientationPortrait UIInterfaceOrientationPortraitUpsideDown UIInterfaceOrientationLandscapeLeft UIInterfaceOrientationLandscapeRight";
				INFOPLIST_KEY_UISupportedInterfaceOrientations_iPhone = "UIInterfaceOrientationPortrait UIInterfaceOrientationLandscapeLeft UIInterfaceOrientationLandscapeRight";
				IPHONEOS_DEPLOYMENT_TARGET = 26.0;
				LD_RUNPATH_SEARCH_PATHS = (
					"$(inherited)",
					"@executable_path/Frameworks",
					"@executable_path/../Frameworks",
				);
				MACOSX_DEPLOYMENT_TARGET = 26.0;
				MARKETING_VERSION = 1.0;
				PRODUCT_BUNDLE_IDENTIFIER = com.orion.mail;
				PRODUCT_NAME = "$(TARGET_NAME)";
				PROVISIONING_PROFILE_SPECIFIER = "";
				SDKROOT = auto;
				SUPPORTED_PLATFORMS = "iphoneos iphonesimulator macosx";
				SUPPORTS_MACCATALYST = NO;
				SWIFT_EMIT_LOC_STRINGS = YES;
				SWIFT_VERSION = 5.0;
				TARGETED_DEVICE_FAMILY = "1,2";
			};
			name = Release;
		};
		00B000000001 /* Debug */ = {
			isa = XCBuildConfiguration;
			buildSettings = {
				ALWAYS_SEARCH_USER_PATHS = NO;
				ASSETCATALOG_COMPILER_GENERATE_SWIFT_ASSET_SYMBOL_EXTENSIONS = YES;
				CLANG_ANALYZER_NONNULL = YES;
				CLANG_ANALYZER_NUMBER_OBJECT_CONVERSION = YES_AGGRESSIVE;
				CLANG_CXX_LANGUAGE_STANDARD = "gnu++20";
				CLANG_ENABLE_MODULES = YES;
				CLANG_ENABLE_OBJC_ARC = YES;
				CLANG_ENABLE_OBJC_WEAK = YES;
				CLANG_WARN_BLOCK_CAPTURE_AUTORELEASING = YES;
				CLANG_WARN_BOOL_CONVERSION = YES;
				CLANG_WARN_COMMA = YES;
				CLANG_WARN_CONSTANT_CONVERSION = YES;
				CLANG_WARN_DEPRECATED_OBJC_IMPLEMENTATIONS = YES;
				CLANG_WARN_DIRECT_OBJC_ISA_USAGE = YES_ERROR;
				CLANG_WARN_DOCUMENTATION_COMMENTS = YES;
				CLANG_WARN_EMPTY_BODY = YES;
				CLANG_WARN_ENUM_CONVERSION = YES;
				CLANG_WARN_INFINITE_RECURSION = YES;
				CLANG_WARN_INT_CONVERSION = YES;
				CLANG_WARN_NON_LITERAL_NULL_CONVERSION = YES;
				CLANG_WARN_OBJC_IMPLICIT_RETAIN_SELF = YES;
				CLANG_WARN_OBJC_LITERAL_CONVERSION = YES;
				CLANG_WARN_OBJC_ROOT_CLASS = YES_ERROR;
				CLANG_WARN_QUOTED_INCLUDE_IN_FRAMEWORK_HEADER = YES;
				CLANG_WARN_RANGE_LOOP_ANALYSIS = YES;
				CLANG_WARN_STRICT_PROTOTYPES = YES;
				CLANG_WARN_SUSPICIOUS_MOVE = YES;
				CLANG_WARN_UNGUARDED_AVAILABILITY = YES_AGGRESSIVE;
				CLANG_WARN_UNREACHABLE_CODE = YES;
				CLANG_WARN__DUPLICATE_METHOD_MATCH = YES;
				COPY_PHASE_STRIP = NO;
				DEAD_CODE_STRIPPING = YES;
				DEBUG_INFORMATION_FORMAT = dwarf;
				ENABLE_STRICT_OBJC_MSGSEND = YES;
				ENABLE_TESTABILITY = YES;
				ENABLE_USER_SCRIPT_SANDBOXING = YES;
				GCC_C_LANGUAGE_STANDARD = gnu17;
				GCC_DYNAMIC_NO_PIC = NO;
				GCC_NO_COMMON_BLOCKS = YES;
				GCC_OPTIMIZATION_LEVEL = 0;
				GCC_PREPROCESSOR_DEFINITIONS = (
					"DEBUG=1",
					"$(inherited)",
				);
				GCC_WARN_64_TO_32_BIT_CONVERSION = YES;
				GCC_WARN_ABOUT_RETURN_TYPE = YES_ERROR;
				GCC_WARN_UNDECLARED_SELECTOR = YES;
				GCC_WARN_UNINITIALIZED_AUTOS = YES_AGGRESSIVE;
				GCC_WARN_UNUSED_FUNCTION = YES;
				GCC_WARN_UNUSED_VARIABLE = YES;
				LOCALIZATION_PREFERS_STRING_CATALOGS = YES;
				MTL_ENABLE_DEBUG_INFO = INCLUDE_SOURCE;
				MTL_FAST_MATH = YES;
				ONLY_ACTIVE_ARCH = YES;
				SWIFT_ACTIVE_COMPILATION_CONDITIONS = "DEBUG $(inherited)";
				SWIFT_OPTIMIZATION_LEVEL = "-Onone";
			};
			name = Debug;
		};
		00B000000002 /* Release */ = {
			isa = XCBuildConfiguration;
			buildSettings = {
				ALWAYS_SEARCH_USER_PATHS = NO;
				ASSETCATALOG_COMPILER_GENERATE_SWIFT_ASSET_SYMBOL_EXTENSIONS = YES;
				CLANG_ANALYZER_NONNULL = YES;
				CLANG_ANALYZER_NUMBER_OBJECT_CONVERSION = YES_AGGRESSIVE;
				CLANG_CXX_LANGUAGE_STANDARD = "gnu++20";
				CLANG_ENABLE_MODULES = YES;
				CLANG_ENABLE_OBJC_ARC = YES;
				CLANG_ENABLE_OBJC_WEAK = YES;
				CLANG_WARN_BLOCK_CAPTURE_AUTORELEASING = YES;
				CLANG_WARN_BOOL_CONVERSION = YES;
				CLANG_WARN_COMMA = YES;
				CLANG_WARN_CONSTANT_CONVERSION = YES;
				CLANG_WARN_DEPRECATED_OBJC_IMPLEMENTATIONS = YES;
				CLANG_WARN_DIRECT_OBJC_ISA_USAGE = YES_ERROR;
				CLANG_WARN_DOCUMENTATION_COMMENTS = YES;
				CLANG_WARN_EMPTY_BODY = YES;
				CLANG_WARN_ENUM_CONVERSION = YES;
				CLANG_WARN_INFINITE_RECURSION = YES;
				CLANG_WARN_INT_CONVERSION = YES;
				CLANG_WARN_NON_LITERAL_NULL_CONVERSION = YES;
				CLANG_WARN_OBJC_IMPLICIT_RETAIN_SELF = YES;
				CLANG_WARN_OBJC_LITERAL_CONVERSION = YES;
				CLANG_WARN_OBJC_ROOT_CLASS = YES_ERROR;
				CLANG_WARN_QUOTED_INCLUDE_IN_FRAMEWORK_HEADER = YES;
				CLANG_WARN_RANGE_LOOP_ANALYSIS = YES;
				CLANG_WARN_STRICT_PROTOTYPES = YES;
				CLANG_WARN_SUSPICIOUS_MOVE = YES;
				CLANG_WARN_UNGUARDED_AVAILABILITY = YES_AGGRESSIVE;
				CLANG_WARN_UNREACHABLE_CODE = YES;
				CLANG_WARN__DUPLICATE_METHOD_MATCH = YES;
				COPY_PHASE_STRIP = NO;
				DEAD_CODE_STRIPPING = YES;
				DEBUG_INFORMATION_FORMAT = "dwarf-with-dsym";
				ENABLE_NS_ASSERTIONS = NO;
				ENABLE_STRICT_OBJC_MSGSEND = YES;
				ENABLE_USER_SCRIPT_SANDBOXING = YES;
				GCC_C_LANGUAGE_STANDARD = gnu17;
				GCC_NO_COMMON_BLOCKS = YES;
				GCC_WARN_64_TO_32_BIT_CONVERSION = YES;
				GCC_WARN_ABOUT_RETURN_TYPE = YES_ERROR;
				GCC_WARN_UNDECLARED_SELECTOR = YES;
				GCC_WARN_UNINITIALIZED_AUTOS = YES_AGGRESSIVE;
				GCC_WARN_UNUSED_FUNCTION = YES;
				GCC_WARN_UNUSED_VARIABLE = YES;
				LOCALIZATION_PREFERS_STRING_CATALOGS = YES;
				MTL_ENABLE_DEBUG_INFO = NO;
				MTL_FAST_MATH = YES;
				SWIFT_COMPILATION_MODE = wholemodule;
			};
			name = Release;
		};
/* End XCBuildConfiguration section */

/* Begin XCConfigurationList section */
		008000000001 /* Build configuration list for PBXNativeTarget "Orion" */ = {
			isa = XCConfigurationList;
			buildConfigurations = (
				00A000000001 /* Debug */,
				00A000000002 /* Release */,
			);
			defaultConfigurationIsVisible = 0;
			defaultConfigurationName = Release;
		};
		008000000002 /* Build configuration list for PBXProject "Orion" */ = {
			isa = XCConfigurationList;
			buildConfigurations = (
				00B000000001 /* Debug */,
				00B000000002 /* Release */,
			);
			defaultConfigurationIsVisible = 0;
			defaultConfigurationName = Release;
		};
/* End XCConfigurationList section */
	};
	rootObject = 009000000001 /* Project object */;
}
